
Microsoft Visual Studio Solution File, Format Version 12.00
# Visual Studio Version 17
VisualStudioVersion = 17.14.36623.8 d17.14
MinimumVisualStudioVersion = 10.0.40219.1
Project("{FAE04EC0-301F-11D3-BF4B-00C04F79EFBC}") = "ActionTest.API", "ActionTest.API\ActionTest.API.csproj", "{E36B8F8F-167B-4857-8D54-E5CEAE6D796D}"
EndProject
Project("{FAE04EC0-301F-11D3-BF4B-00C04F79EFBC}") = "ActionTest.UnitTests", "ActionTest.UnitTests\ActionTest.UnitTests.csproj", "{8BB42C1A-E265-46D1-91C2-EF55287FEDA1}"
EndProject
Global
	GlobalSection(SolutionConfigurationPlatforms) = preSolution
		Debug|Any CPU = Debug|Any CPU
		Release|Any CPU = Release|Any CPU
	EndGlobalSection
	GlobalSection(ProjectConfigurationPlatforms) = postSolution
		{E36B8F8F-167B-4857-8D54-E5CEAE6D796D}.Debug|Any CPU.ActiveCfg = Debug|Any CPU
		{E36B8F8F-167B-4857-8D54-E5CEAE6D796D}.Debug|Any CPU.Build.0 = Debug|Any CPU
		{E36B8F8F-167B-4857-8D54-E5CEAE6D796D}.Release|Any CPU.ActiveCfg = Release|Any CPU
		{E36B8F8F-167B-4857-8D54-E5CEAE6D796D}.Release|Any CPU.Build.0 = Release|Any CPU
		{8BB42C1A-E265-46D1-91C2-EF55287FEDA1}.Debug|Any CPU.ActiveCfg = Debug|Any CPU
		{8BB42C1A-E265-46D1-91C2-EF55287FEDA1}.Debug|Any CPU.Build.0 = Debug|Any CPU
		{8BB42C1A-E265-46D1-91C2-EF55287FEDA1}.Release|Any CPU.ActiveCfg = Release|Any CPU
		{8BB42C1A-E265-46D1-91C2-EF55287FEDA1}.Release|Any CPU.Build.0 = Release|Any CPU
	EndGlobalSection
	GlobalSection(SolutionProperties) = preSolution
		HideSolutionNode = FALSE
	EndGlobalSection
	GlobalSection(ExtensibilityGlobals) = postSolution
		SolutionGuid = {14318CA4-9B73-47D1-8D52-E56A1F55814B}
	EndGlobalSection
EndGlobal
